
Microsoft Visual Studio Solution File, Format Version 12.00
# Visual Studio Version 17
VisualStudioVersion = 17.11.35312.102
MinimumVisualStudioVersion = 10.0.40219.1
Project("{FAE04EC0-301F-11D3-BF4B-00C04F79EFBC}") = "DocuZoneAPI", "DocuZoneAPI\DocuZoneAPI.csproj", "{5E013616-3024-4AC8-A6A0-1FEEFA8C53ED}"
EndProject
Global
	GlobalSection(SolutionConfigurationPlatforms) = preSolution
		Debug|Any CPU = Debug|Any CPU
		Release|Any CPU = Release|Any CPU
	EndGlobalSection
	GlobalSection(ProjectConfigurationPlatforms) = postSolution
		{5E013616-3024-4AC8-A6A0-1FEEFA8C53ED}.Debug|Any CPU.ActiveCfg = Debug|Any CPU
		{5E013616-3024-4AC8-A6A0-1FEEFA8C53ED}.Debug|Any CPU.Build.0 = Debug|Any CPU
		{5E013616-3024-4AC8-A6A0-1FEEFA8C53ED}.Release|Any CPU.ActiveCfg = Release|Any CPU
		{5E013616-3024-4AC8-A6A0-1FEEFA8C53ED}.Release|Any CPU.Build.0 = Release|Any CPU
	EndGlobalSection
	GlobalSection(SolutionProperties) = preSolution
		HideSolutionNode = FALSE
	EndGlobalSection
	GlobalSection(ExtensibilityGlobals) = postSolution
		SolutionGuid = {764758F2-3FE3-41CE-B977-9BD5B1B14806}
	EndGlobalSection
EndGlobal
